
Microsoft Visual Studio Solution File, Format Version 12.00
# Visual Studio 14
VisualStudioVersion = 14.0.25123.0
MinimumVisualStudioVersion = 10.0.40219.1
Project("{FAE04EC0-301F-11D3-BF4B-00C04F79EFBC}") = "MovieTheater", "MovieTheater\MovieTheater.csproj", "{3AEE6AD1-B98A-4AC3-8E78-95D7B362586B}"
EndProject
Project("{FAE04EC0-301F-11D3-BF4B-00C04F79EFBC}") = "DTO", "DTO\DTO.csproj", "{CFF5FAB4-B9B1-49D7-A1FF-89C0AB19F2A3}"
EndProject
Project("{FAE04EC0-301F-11D3-BF4B-00C04F79EFBC}") = "DAO", "DAO\DAO.csproj", "{E8001B26-1CCC-45D0-B775-6BF04DFEEA7B}"
EndProject
Project("{FAE04EC0-301F-11D3-BF4B-00C04F79EFBC}") = "BUS", "BUS\BUS.csproj", "{E569CC57-908E-41F9-9E9F-66E7E3686A95}"
EndProject
Global
	GlobalSection(SolutionConfigurationPlatforms) = preSolution
		Debug|Any CPU = Debug|Any CPU
		Release|Any CPU = Release|Any CPU
	EndGlobalSection
	GlobalSection(ProjectConfigurationPlatforms) = postSolution
		{3AEE6AD1-B98A-4AC3-8E78-95D7B362586B}.Debug|Any CPU.ActiveCfg = Debug|Any CPU
		{3AEE6AD1-B98A-4AC3-8E78-95D7B362586B}.Debug|Any CPU.Build.0 = Debug|Any CPU
		{3AEE6AD1-B98A-4AC3-8E78-95D7B362586B}.Release|Any CPU.ActiveCfg = Release|Any CPU
		{3AEE6AD1-B98A-4AC3-8E78-95D7B362586B}.Release|Any CPU.Build.0 = Release|Any CPU
		{CFF5FAB4-B9B1-49D7-A1FF-89C0AB19F2A3}.Debug|Any CPU.ActiveCfg = Debug|Any CPU
		{CFF5FAB4-B9B1-49D7-A1FF-89C0AB19F2A3}.Debug|Any CPU.Build.0 = Debug|Any CPU
		{CFF5FAB4-B9B1-49D7-A1FF-89C0AB19F2A3}.Release|Any CPU.ActiveCfg = Release|Any CPU
		{CFF5FAB4-B9B1-49D7-A1FF-89C0AB19F2A3}.Release|Any CPU.Build.0 = Release|Any CPU
		{E8001B26-1CCC-45D0-B775-6BF04DFEEA7B}.Debug|Any CPU.ActiveCfg = Debug|Any CPU
		{E8001B26-1CCC-45D0-B775-6BF04DFEEA7B}.Debug|Any CPU.Build.0 = Debug|Any CPU
		{E8001B26-1CCC-45D0-B775-6BF04DFEEA7B}.Release|Any CPU.ActiveCfg = Release|Any CPU
		{E8001B26-1CCC-45D0-B775-6BF04DFEEA7B}.Release|Any CPU.Build.0 = Release|Any CPU
		{E569CC57-908E-41F9-9E9F-66E7E3686A95}.Debug|Any CPU.ActiveCfg = Debug|Any CPU
		{E569CC57-908E-41F9-9E9F-66E7E3686A95}.Debug|Any CPU.Build.0 = Debug|Any CPU
		{E569CC57-908E-41F9-9E9F-66E7E3686A95}.Release|Any CPU.ActiveCfg = Release|Any CPU
		{E569CC57-908E-41F9-9E9F-66E7E3686A95}.Release|Any CPU.Build.0 = Release|Any CPU
	EndGlobalSection
	GlobalSection(SolutionProperties) = preSolution
		HideSolutionNode = FALSE
	EndGlobalSection
EndGlobal
